
Microsoft Visual Studio Solution File, Format Version 12.00
# Visual Studio Version 17
VisualStudioVersion = 17.14.37411.7 d17.14
MinimumVisualStudioVersion = 10.0.40219.1
Project("{FAE04EC0-301F-11D3-BF4B-00C04F79EFBC}") = "kaguyahouraisan", "kaguyahouraisan.csproj", "{9CE6F7EB-8757-7637-514B-E5C1249802FB}"
EndProject
Global
	GlobalSection(SolutionConfigurationPlatforms) = preSolution
		Debug|Any CPU = Debug|Any CPU
		Release|Any CPU = Release|Any CPU
	EndGlobalSection
	GlobalSection(ProjectConfigurationPlatforms) = postSolution
		{9CE6F7EB-8757-7637-514B-E5C1249802FB}.Debug|Any CPU.ActiveCfg = Debug|Any CPU
		{9CE6F7EB-8757-7637-514B-E5C1249802FB}.Debug|Any CPU.Build.0 = Debug|Any CPU
		{9CE6F7EB-8757-7637-514B-E5C1249802FB}.Release|Any CPU.ActiveCfg = Release|Any CPU
		{9CE6F7EB-8757-7637-514B-E5C1249802FB}.Release|Any CPU.Build.0 = Release|Any CPU
	EndGlobalSection
	GlobalSection(SolutionProperties) = preSolution
		HideSolutionNode = FALSE
	EndGlobalSection
	GlobalSection(ExtensibilityGlobals) = postSolution
		SolutionGuid = {5B885C89-8AE6-4353-BCBF-9CEE5EEC9CC6}
	EndGlobalSection
EndGlobal
